
Microsoft Visual Studio Solution File, Format Version 12.00
# Visual Studio 15
VisualStudioVersion = 15.0.27004.2005
MinimumVisualStudioVersion = 10.0.40219.1
Project("{FAE04EC0-301F-11D3-BF4B-00C04F79EFBC}") = "Foosball2text", "Foosball2text.csproj", "{B92AF0AF-700F-48CA-9C62-1542B82F7540}"
EndProject
Project("{FAE04EC0-301F-11D3-BF4B-00C04F79EFBC}") = "Logic", "Logic\Logic.csproj", "{C80358F0-3547-4DAB-8C46-2E782C850AEC}"
EndProject
Project("{FAE04EC0-301F-11D3-BF4B-00C04F79EFBC}") = "Service", "WebApplication\Service.csproj", "{01ECED22-78E6-4DCF-B02D-224B489D9B59}"
EndProject
Project("{FAE04EC0-301F-11D3-BF4B-00C04F79EFBC}") = "SQL operations", "..\SQL operations\SQL operations.csproj", "{CF0A27E9-4EDC-4750-AAFA-D3CDC401C6DA}"
EndProject
Project("{FAE04EC0-301F-11D3-BF4B-00C04F79EFBC}") = "Tests", "..\Tests\Tests.csproj", "{D143CE60-A8D3-4526-83BC-DD8BE35A7CF8}"
EndProject
Global
	GlobalSection(SolutionConfigurationPlatforms) = preSolution
		Debug|Any CPU = Debug|Any CPU
		Debug|x64 = Debug|x64
		Release|Any CPU = Release|Any CPU
		Release|x64 = Release|x64
	EndGlobalSection
	GlobalSection(ProjectConfigurationPlatforms) = postSolution
		{B92AF0AF-700F-48CA-9C62-1542B82F7540}.Debug|Any CPU.ActiveCfg = Debug|Any CPU
		{B92AF0AF-700F-48CA-9C62-1542B82F7540}.Debug|Any CPU.Build.0 = Debug|Any CPU
		{B92AF0AF-700F-48CA-9C62-1542B82F7540}.Debug|x64.ActiveCfg = Debug|Any CPU
		{B92AF0AF-700F-48CA-9C62-1542B82F7540}.Debug|x64.Build.0 = Debug|Any CPU
		{B92AF0AF-700F-48CA-9C62-1542B82F7540}.Release|Any CPU.ActiveCfg = Release|Any CPU
		{B92AF0AF-700F-48CA-9C62-1542B82F7540}.Release|Any CPU.Build.0 = Release|Any CPU
		{B92AF0AF-700F-48CA-9C62-1542B82F7540}.Release|x64.ActiveCfg = Release|Any CPU
		{B92AF0AF-700F-48CA-9C62-1542B82F7540}.Release|x64.Build.0 = Release|Any CPU
		{C80358F0-3547-4DAB-8C46-2E782C850AEC}.Debug|Any CPU.ActiveCfg = Debug|Any CPU
		{C80358F0-3547-4DAB-8C46-2E782C850AEC}.Debug|Any CPU.Build.0 = Debug|Any CPU
		{C80358F0-3547-4DAB-8C46-2E782C850AEC}.Debug|x64.ActiveCfg = Debug|Any CPU
		{C80358F0-3547-4DAB-8C46-2E782C850AEC}.Debug|x64.Build.0 = Debug|Any CPU
		{C80358F0-3547-4DAB-8C46-2E782C850AEC}.Release|Any CPU.ActiveCfg = Release|Any CPU
		{C80358F0-3547-4DAB-8C46-2E782C850AEC}.Release|Any CPU.Build.0 = Release|Any CPU
		{C80358F0-3547-4DAB-8C46-2E782C850AEC}.Release|x64.ActiveCfg = Release|Any CPU
		{C80358F0-3547-4DAB-8C46-2E782C850AEC}.Release|x64.Build.0 = Release|Any CPU
		{01ECED22-78E6-4DCF-B02D-224B489D9B59}.Debug|Any CPU.ActiveCfg = Debug|Any CPU
		{01ECED22-78E6-4DCF-B02D-224B489D9B59}.Debug|Any CPU.Build.0 = Debug|Any CPU
		{01ECED22-78E6-4DCF-B02D-224B489D9B59}.Debug|x64.ActiveCfg = Debug|Any CPU
		{01ECED22-78E6-4DCF-B02D-224B489D9B59}.Debug|x64.Build.0 = Debug|Any CPU
		{01ECED22-78E6-4DCF-B02D-224B489D9B59}.Release|Any CPU.ActiveCfg = Release|Any CPU
		{01ECED22-78E6-4DCF-B02D-224B489D9B59}.Release|Any CPU.Build.0 = Release|Any CPU
		{01ECED22-78E6-4DCF-B02D-224B489D9B59}.Release|x64.ActiveCfg = Release|Any CPU
		{01ECED22-78E6-4DCF-B02D-224B489D9B59}.Release|x64.Build.0 = Release|Any CPU
		{CF0A27E9-4EDC-4750-AAFA-D3CDC401C6DA}.Debug|Any CPU.ActiveCfg = Debug|Any CPU
		{CF0A27E9-4EDC-4750-AAFA-D3CDC401C6DA}.Debug|Any CPU.Build.0 = Debug|Any CPU
		{CF0A27E9-4EDC-4750-AAFA-D3CDC401C6DA}.Debug|x64.ActiveCfg = Debug|Any CPU
		{CF0A27E9-4EDC-4750-AAFA-D3CDC401C6DA}.Debug|x64.Build.0 = Debug|Any CPU
		{CF0A27E9-4EDC-4750-AAFA-D3CDC401C6DA}.Release|Any CPU.ActiveCfg = Release|Any CPU
		{CF0A27E9-4EDC-4750-AAFA-D3CDC401C6DA}.Release|Any CPU.Build.0 = Release|Any CPU
		{CF0A27E9-4EDC-4750-AAFA-D3CDC401C6DA}.Release|x64.ActiveCfg = Release|Any CPU
		{CF0A27E9-4EDC-4750-AAFA-D3CDC401C6DA}.Release|x64.Build.0 = Release|Any CPU
		{D143CE60-A8D3-4526-83BC-DD8BE35A7CF8}.Debug|Any CPU.ActiveCfg = Debug|Any CPU
		{D143CE60-A8D3-4526-83BC-DD8BE35A7CF8}.Debug|Any CPU.Build.0 = Debug|Any CPU
		{D143CE60-A8D3-4526-83BC-DD8BE35A7CF8}.Debug|x64.ActiveCfg = Debug|Any CPU
		{D143CE60-A8D3-4526-83BC-DD8BE35A7CF8}.Debug|x64.Build.0 = Debug|Any CPU
		{D143CE60-A8D3-4526-83BC-DD8BE35A7CF8}.Release|Any CPU.ActiveCfg = Release|Any CPU
		{D143CE60-A8D3-4526-83BC-DD8BE35A7CF8}.Release|Any CPU.Build.0 = Release|Any CPU
		{D143CE60-A8D3-4526-83BC-DD8BE35A7CF8}.Release|x64.ActiveCfg = Release|Any CPU
		{D143CE60-A8D3-4526-83BC-DD8BE35A7CF8}.Release|x64.Build.0 = Release|Any CPU
	EndGlobalSection
	GlobalSection(SolutionProperties) = preSolution
		HideSolutionNode = FALSE
	EndGlobalSection
	GlobalSection(ExtensibilityGlobals) = postSolution
		SolutionGuid = {AC437C7A-0DA9-4067-8FD1-3E5527B0B9FB}
	EndGlobalSection
EndGlobal
